
Microsoft Visual Studio Solution File, Format Version 12.00
# Visual Studio Version 17
VisualStudioVersion = 17.4.33213.308
MinimumVisualStudioVersion = 10.0.40219.1
Project("{FAE04EC0-301F-11D3-BF4B-00C04F79EFBC}") = "SHScoreValueManager", "SHScoreValueManager.csproj", "{6D73E185-74A3-45B8-B319-F9F498A5370A}"
EndProject
Global
	GlobalSection(SolutionConfigurationPlatforms) = preSolution
		Debug|Any CPU = Debug|Any CPU
		Release|Any CPU = Release|Any CPU
	EndGlobalSection
	GlobalSection(ProjectConfigurationPlatforms) = postSolution
		{6D73E185-74A3-45B8-B319-F9F498A5370A}.Debug|Any CPU.ActiveCfg = Debug|Any CPU
		{6D73E185-74A3-45B8-B319-F9F498A5370A}.Debug|Any CPU.Build.0 = Debug|Any CPU
		{6D73E185-74A3-45B8-B319-F9F498A5370A}.Release|Any CPU.ActiveCfg = Release|Any CPU
		{6D73E185-74A3-45B8-B319-F9F498A5370A}.Release|Any CPU.Build.0 = Release|Any CPU
	EndGlobalSection
	GlobalSection(SolutionProperties) = preSolution
		HideSolutionNode = FALSE
	EndGlobalSection
	GlobalSection(ExtensibilityGlobals) = postSolution
		SolutionGuid = {094DA594-B679-4F7E-AFEF-BA500B453073}
	EndGlobalSection
EndGlobal
